// !$*UTF8*$!
{
	archiveVersion = 1;
	classes = {
	};
	objectVersion = 56;
	objects = {

/* Begin PBXBuildFile section */
		840398402A0C033B0087DA70 /* SymmetricTree.swift in Sources */ = {isa = PBXBuildFile; fileRef = 8403983F2A0C033B0087DA70 /* SymmetricTree.swift */; };
		840ED8352A1F2C4C00ACC989 /* 144. Binary Tree Preorder Traversal .swift in Sources */ = {isa = PBXBuildFile; fileRef = 840ED8342A1F2C4C00ACC989 /* 144. Binary Tree Preorder Traversal .swift */; };
		841968F62A0CDAFA00E08375 /* 104. Maximum Depth of Binary Tree.swift in Sources */ = {isa = PBXBuildFile; fileRef = 841968F52A0CDAFA00E08375 /* 104. Maximum Depth of Binary Tree.swift */; };
		8445BDAF2A10DB2700758334 /* 110. Balanced Binary Tree.swift in Sources */ = {isa = PBXBuildFile; fileRef = 8445BDAE2A10DB2700758334 /* 110. Balanced Binary Tree.swift */; };
		84696B1B2A0B50CA00BEE76E /* SameTree.swift in Sources */ = {isa = PBXBuildFile; fileRef = 84696B1A2A0B50CA00BEE76E /* SameTree.swift */; };
		8473170E2A1B17AA00D665A0 /* 121. Best Time to Buy and Sell Stock.swift in Sources */ = {isa = PBXBuildFile; fileRef = 8473170D2A1B17AA00D665A0 /* 121. Best Time to Buy and Sell Stock.swift */; };
		84741D2F2A1C69A100F428C5 /* 125. Valid Palindrome .swift in Sources */ = {isa = PBXBuildFile; fileRef = 84741D2E2A1C69A100F428C5 /* 125. Valid Palindrome .swift */; };
		8480FD452A1882C100A1D5DF /* 119. Pascal's Triangle II .swift in Sources */ = {isa = PBXBuildFile; fileRef = 8480FD442A1882C100A1D5DF /* 119. Pascal's Triangle II .swift */; };
		8482D7CD2A26F8F900320062 /* 168. Excel Sheet Column Title .swift in Sources */ = {isa = PBXBuildFile; fileRef = 8482D7CC2A26F8F900320062 /* 168. Excel Sheet Column Title .swift */; };
		8487AB1C2A25A33900B62D57 /* 145. Binary Tree Postorder Traversal .swift in Sources */ = {isa = PBXBuildFile; fileRef = 8487AB1B2A25A33900B62D57 /* 145. Binary Tree Postorder Traversal .swift */; };
		8487AB1E2A25AC2400B62D57 /* 160. Intersection of Two Linked Lists.swift in Sources */ = {isa = PBXBuildFile; fileRef = 8487AB1D2A25AC2400B62D57 /* 160. Intersection of Two Linked Lists.swift */; };
		848909912A0429550066A414 /* main.swift in Sources */ = {isa = PBXBuildFile; fileRef = 848909902A0429550066A414 /* main.swift */; };
		848909992A042A130066A414 /* ClimbingStairs.swift in Sources */ = {isa = PBXBuildFile; fileRef = 848909982A042A130066A414 /* ClimbingStairs.swift */; };
		848CDAE02A11EA6B0009324F /* 111. Minimum Depth of Binary Tree.swift in Sources */ = {isa = PBXBuildFile; fileRef = 848CDADF2A11EA6B0009324F /* 111. Minimum Depth of Binary Tree.swift */; };
		8492A6252A0A0B3E0098CEC9 /* BinaryTreeInorderTraversal.swift in Sources */ = {isa = PBXBuildFile; fileRef = 8492A6242A0A0B3E0098CEC9 /* BinaryTreeInorderTraversal.swift */; };
		84BCE0622A173C42009E2745 /* 118. Pascal's Triangle .swift in Sources */ = {isa = PBXBuildFile; fileRef = 84BCE0612A173C42009E2745 /* 118. Pascal's Triangle .swift */; };
		84BCF9642A0F3E34008B332A /* 108. Convert Sorted Array to Binary Search Tree.swift in Sources */ = {isa = PBXBuildFile; fileRef = 84BCF9632A0F3E34008B332A /* 108. Convert Sorted Array to Binary Search Tree.swift */; };
		84DF0DD22A0768E8008F2395 /* RemoveDuplicatesFromSortedList.swift in Sources */ = {isa = PBXBuildFile; fileRef = 84DF0DD12A0768E8008F2395 /* RemoveDuplicatesFromSortedList.swift */; };
		84DF0DD42A076EAA008F2395 /* MergeSortedArray.swift in Sources */ = {isa = PBXBuildFile; fileRef = 84DF0DD32A076EAA008F2395 /* MergeSortedArray.swift */; };
		84EAEE4A2A08B5E50025A6FA /* MatrixDiagonalSum.swift in Sources */ = {isa = PBXBuildFile; fileRef = 84EAEE492A08B5E50025A6FA /* MatrixDiagonalSum.swift */; };
		84ED135C2A1DBC270077EA35 /* 136. Single Number .swift in Sources */ = {isa = PBXBuildFile; fileRef = 84ED135B2A1DBC270077EA35 /* 136. Single Number .swift */; };
		84F8F32F2A1E339000431F9C /* 141. Linked List Cycle.swift in Sources */ = {isa = PBXBuildFile; fileRef = 84F8F32E2A1E339000431F9C /* 141. Linked List Cycle.swift */; };
/* End PBXBuildFile section */

/* Begin PBXCopyFilesBuildPhase section */
		8489098B2A0429550066A414 /* CopyFiles */ = {
			isa = PBXCopyFilesBuildPhase;
			buildActionMask = 2147483647;
			dstPath = /usr/share/man/man1/;
			dstSubfolderSpec = 0;
			files = (
			);
			runOnlyForDeploymentPostprocessing = 1;
		};
/* End PBXCopyFilesBuildPhase section */

/* Begin PBXFileReference section */
		8403983F2A0C033B0087DA70 /* SymmetricTree.swift */ = {isa = PBXFileReference; lastKnownFileType = sourcecode.swift; path = SymmetricTree.swift; sourceTree = "<group>"; };
		840ED8342A1F2C4C00ACC989 /* 144. Binary Tree Preorder Traversal .swift */ = {isa = PBXFileReference; lastKnownFileType = sourcecode.swift; path = "144. Binary Tree Preorder Traversal .swift"; sourceTree = "<group>"; };
		841968F52A0CDAFA00E08375 /* 104. Maximum Depth of Binary Tree.swift */ = {isa = PBXFileReference; lastKnownFileType = sourcecode.swift; path = "104. Maximum Depth of Binary Tree.swift"; sourceTree = "<group>"; };
		8445BDAE2A10DB2700758334 /* 110. Balanced Binary Tree.swift */ = {isa = PBXFileReference; lastKnownFileType = sourcecode.swift; path = "110. Balanced Binary Tree.swift"; sourceTree = "<group>"; };
		84696B1A2A0B50CA00BEE76E /* SameTree.swift */ = {isa = PBXFileReference; lastKnownFileType = sourcecode.swift; path = SameTree.swift; sourceTree = "<group>"; };
		8473170D2A1B17AA00D665A0 /* 121. Best Time to Buy and Sell Stock.swift */ = {isa = PBXFileReference; lastKnownFileType = sourcecode.swift; path = "121. Best Time to Buy and Sell Stock.swift"; sourceTree = "<group>"; };
		84741D2E2A1C69A100F428C5 /* 125. Valid Palindrome .swift */ = {isa = PBXFileReference; lastKnownFileType = sourcecode.swift; path = "125. Valid Palindrome .swift"; sourceTree = "<group>"; };
		8480FD442A1882C100A1D5DF /* 119. Pascal's Triangle II .swift */ = {isa = PBXFileReference; lastKnownFileType = sourcecode.swift; path = "119. Pascal's Triangle II .swift"; sourceTree = "<group>"; };
		8482D7CC2A26F8F900320062 /* 168. Excel Sheet Column Title .swift */ = {isa = PBXFileReference; lastKnownFileType = sourcecode.swift; path = "168. Excel Sheet Column Title .swift"; sourceTree = "<group>"; };
		8487AB1B2A25A33900B62D57 /* 145. Binary Tree Postorder Traversal .swift */ = {isa = PBXFileReference; lastKnownFileType = sourcecode.swift; path = "145. Binary Tree Postorder Traversal .swift"; sourceTree = "<group>"; };
		8487AB1D2A25AC2400B62D57 /* 160. Intersection of Two Linked Lists.swift */ = {isa = PBXFileReference; lastKnownFileType = sourcecode.swift; path = "160. Intersection of Two Linked Lists.swift"; sourceTree = "<group>"; };
		8489098D2A0429550066A414 /* leetcodeSwiftC */ = {isa = PBXFileReference; explicitFileType = "compiled.mach-o.executable"; includeInIndex = 0; path = leetcodeSwiftC; sourceTree = BUILT_PRODUCTS_DIR; };
		848909902A0429550066A414 /* main.swift */ = {isa = PBXFileReference; lastKnownFileType = sourcecode.swift; path = main.swift; sourceTree = "<group>"; };
		848909982A042A130066A414 /* ClimbingStairs.swift */ = {isa = PBXFileReference; lastKnownFileType = sourcecode.swift; path = ClimbingStairs.swift; sourceTree = "<group>"; };
		848CDADF2A11EA6B0009324F /* 111. Minimum Depth of Binary Tree.swift */ = {isa = PBXFileReference; lastKnownFileType = sourcecode.swift; path = "111. Minimum Depth of Binary Tree.swift"; sourceTree = "<group>"; };
		8492A6242A0A0B3E0098CEC9 /* BinaryTreeInorderTraversal.swift */ = {isa = PBXFileReference; lastKnownFileType = sourcecode.swift; path = BinaryTreeInorderTraversal.swift; sourceTree = "<group>"; };
		84BCE0612A173C42009E2745 /* 118. Pascal's Triangle .swift */ = {isa = PBXFileReference; lastKnownFileType = sourcecode.swift; path = "118. Pascal's Triangle .swift"; sourceTree = "<group>"; };
		84BCF9632A0F3E34008B332A /* 108. Convert Sorted Array to Binary Search Tree.swift */ = {isa = PBXFileReference; lastKnownFileType = sourcecode.swift; path = "108. Convert Sorted Array to Binary Search Tree.swift"; sourceTree = "<group>"; };
		84DF0DD12A0768E8008F2395 /* RemoveDuplicatesFromSortedList.swift */ = {isa = PBXFileReference; lastKnownFileType = sourcecode.swift; path = RemoveDuplicatesFromSortedList.swift; sourceTree = "<group>"; };
		84DF0DD32A076EAA008F2395 /* MergeSortedArray.swift */ = {isa = PBXFileReference; lastKnownFileType = sourcecode.swift; path = MergeSortedArray.swift; sourceTree = "<group>"; };
		84EAEE492A08B5E50025A6FA /* MatrixDiagonalSum.swift */ = {isa = PBXFileReference; lastKnownFileType = sourcecode.swift; path = MatrixDiagonalSum.swift; sourceTree = "<group>"; };
		84ED135B2A1DBC270077EA35 /* 136. Single Number .swift */ = {isa = PBXFileReference; lastKnownFileType = sourcecode.swift; path = "136. Single Number .swift"; sourceTree = "<group>"; };
		84F8F32E2A1E339000431F9C /* 141. Linked List Cycle.swift */ = {isa = PBXFileReference; lastKnownFileType = sourcecode.swift; path = "141. Linked List Cycle.swift"; sourceTree = "<group>"; };
/* End PBXFileReference section */

/* Begin PBXFrameworksBuildPhase section */
		8489098A2A0429550066A414 /* Frameworks */ = {
			isa = PBXFrameworksBuildPhase;
			buildActionMask = 2147483647;
			files = (
			);
			runOnlyForDeploymentPostprocessing = 0;
		};
/* End PBXFrameworksBuildPhase section */

/* Begin PBXGroup section */
		848909842A0429550066A414 = {
			isa = PBXGroup;
			children = (
				8489098F2A0429550066A414 /* leetcodeSwiftC */,
				8489098E2A0429550066A414 /* Products */,
			);
			sourceTree = "<group>";
		};
		8489098E2A0429550066A414 /* Products */ = {
			isa = PBXGroup;
			children = (
				8489098D2A0429550066A414 /* leetcodeSwiftC */,
			);
			name = Products;
			sourceTree = "<group>";
		};
		8489098F2A0429550066A414 /* leetcodeSwiftC */ = {
			isa = PBXGroup;
			children = (
				848909972A0429BC0066A414 /* easy */,
				848909902A0429550066A414 /* main.swift */,
			);
			path = leetcodeSwiftC;
			sourceTree = "<group>";
		};
		848909972A0429BC0066A414 /* easy */ = {
			isa = PBXGroup;
			children = (
				848909982A042A130066A414 /* ClimbingStairs.swift */,
				84DF0DD12A0768E8008F2395 /* RemoveDuplicatesFromSortedList.swift */,
				84DF0DD32A076EAA008F2395 /* MergeSortedArray.swift */,
				84EAEE492A08B5E50025A6FA /* MatrixDiagonalSum.swift */,
				8492A6242A0A0B3E0098CEC9 /* BinaryTreeInorderTraversal.swift */,
				84696B1A2A0B50CA00BEE76E /* SameTree.swift */,
				8403983F2A0C033B0087DA70 /* SymmetricTree.swift */,
				841968F52A0CDAFA00E08375 /* 104. Maximum Depth of Binary Tree.swift */,
				84BCF9632A0F3E34008B332A /* 108. Convert Sorted Array to Binary Search Tree.swift */,
				8445BDAE2A10DB2700758334 /* 110. Balanced Binary Tree.swift */,
				848CDADF2A11EA6B0009324F /* 111. Minimum Depth of Binary Tree.swift */,
				84BCE0612A173C42009E2745 /* 118. Pascal's Triangle .swift */,
				8480FD442A1882C100A1D5DF /* 119. Pascal's Triangle II .swift */,
				8473170D2A1B17AA00D665A0 /* 121. Best Time to Buy and Sell Stock.swift */,
				84741D2E2A1C69A100F428C5 /* 125. Valid Palindrome .swift */,
				84ED135B2A1DBC270077EA35 /* 136. Single Number .swift */,
				84F8F32E2A1E339000431F9C /* 141. Linked List Cycle.swift */,
				840ED8342A1F2C4C00ACC989 /* 144. Binary Tree Preorder Traversal .swift */,
				8487AB1B2A25A33900B62D57 /* 145. Binary Tree Postorder Traversal .swift */,
				8487AB1D2A25AC2400B62D57 /* 160. Intersection of Two Linked Lists.swift */,
				8482D7CC2A26F8F900320062 /* 168. Excel Sheet Column Title .swift */,
			);
			path = easy;
			sourceTree = "<group>";
		};
/* End PBXGroup section */

/* Begin PBXNativeTarget section */
		8489098C2A0429550066A414 /* leetcodeSwiftC */ = {
			isa = PBXNativeTarget;
			buildConfigurationList = 848909942A0429550066A414 /* Build configuration list for PBXNativeTarget "leetcodeSwiftC" */;
			buildPhases = (
				848909892A0429550066A414 /* Sources */,
				8489098A2A0429550066A414 /* Frameworks */,
				8489098B2A0429550066A414 /* CopyFiles */,
			);
			buildRules = (
			);
			dependencies = (
			);
			name = leetcodeSwiftC;
			productName = leetcodeSwift;
			productReference = 8489098D2A0429550066A414 /* leetcodeSwiftC */;
			productType = "com.apple.product-type.tool";
		};
/* End PBXNativeTarget section */

/* Begin PBXProject section */
		848909852A0429550066A414 /* Project object */ = {
			isa = PBXProject;
			attributes = {
				BuildIndependentTargetsInParallel = 1;
				LastSwiftUpdateCheck = 1420;
				LastUpgradeCheck = 1420;
				TargetAttributes = {
					8489098C2A0429550066A414 = {
						CreatedOnToolsVersion = 14.2;
					};
				};
			};
			buildConfigurationList = 848909882A0429550066A414 /* Build configuration list for PBXProject "leetcodeSwiftC" */;
			compatibilityVersion = "Xcode 14.0";
			developmentRegion = en;
			hasScannedForEncodings = 0;
			knownRegions = (
				en,
				Base,
			);
			mainGroup = 848909842A0429550066A414;
			productRefGroup = 8489098E2A0429550066A414 /* Products */;
			projectDirPath = "";
			projectRoot = "";
			targets = (
				8489098C2A0429550066A414 /* leetcodeSwiftC */,
			);
		};
/* End PBXProject section */

/* Begin PBXSourcesBuildPhase section */
		848909892A0429550066A414 /* Sources */ = {
			isa = PBXSourcesBuildPhase;
			buildActionMask = 2147483647;
			files = (
				84696B1B2A0B50CA00BEE76E /* SameTree.swift in Sources */,
				84BCE0622A173C42009E2745 /* 118. Pascal's Triangle .swift in Sources */,
				841968F62A0CDAFA00E08375 /* 104. Maximum Depth of Binary Tree.swift in Sources */,
				848CDAE02A11EA6B0009324F /* 111. Minimum Depth of Binary Tree.swift in Sources */,
				84BCF9642A0F3E34008B332A /* 108. Convert Sorted Array to Binary Search Tree.swift in Sources */,
				8473170E2A1B17AA00D665A0 /* 121. Best Time to Buy and Sell Stock.swift in Sources */,
				84DF0DD22A0768E8008F2395 /* RemoveDuplicatesFromSortedList.swift in Sources */,
				8487AB1E2A25AC2400B62D57 /* 160. Intersection of Two Linked Lists.swift in Sources */,
				848909912A0429550066A414 /* main.swift in Sources */,
				84741D2F2A1C69A100F428C5 /* 125. Valid Palindrome .swift in Sources */,
				840ED8352A1F2C4C00ACC989 /* 144. Binary Tree Preorder Traversal .swift in Sources */,
				840398402A0C033B0087DA70 /* SymmetricTree.swift in Sources */,
				8480FD452A1882C100A1D5DF /* 119. Pascal's Triangle II .swift in Sources */,
				84EAEE4A2A08B5E50025A6FA /* MatrixDiagonalSum.swift in Sources */,
				8482D7CD2A26F8F900320062 /* 168. Excel Sheet Column Title .swift in Sources */,
				848909992A042A130066A414 /* ClimbingStairs.swift in Sources */,
				8445BDAF2A10DB2700758334 /* 110. Balanced Binary Tree.swift in Sources */,
				84F8F32F2A1E339000431F9C /* 141. Linked List Cycle.swift in Sources */,
				84ED135C2A1DBC270077EA35 /* 136. Single Number .swift in Sources */,
				8487AB1C2A25A33900B62D57 /* 145. Binary Tree Postorder Traversal .swift in Sources */,
				8492A6252A0A0B3E0098CEC9 /* BinaryTreeInorderTraversal.swift in Sources */,
				84DF0DD42A076EAA008F2395 /* MergeSortedArray.swift in Sources */,
			);
			runOnlyForDeploymentPostprocessing = 0;
		};
/* End PBXSourcesBuildPhase section */

/* Begin XCBuildConfiguration section */
		848909922A0429550066A414 /* Debug */ = {
			isa = XCBuildConfiguration;
			buildSettings = {
				ALWAYS_SEARCH_USER_PATHS = NO;
				CLANG_ANALYZER_NONNULL = YES;
				CLANG_ANALYZER_NUMBER_OBJECT_CONVERSION = YES_AGGRESSIVE;
				CLANG_CXX_LANGUAGE_STANDARD = "gnu++20";
				CLANG_ENABLE_MODULES = YES;
				CLANG_ENABLE_OBJC_ARC = YES;
				CLANG_ENABLE_OBJC_WEAK = YES;
				CLANG_WARN_BLOCK_CAPTURE_AUTORELEASING = YES;
				CLANG_WARN_BOOL_CONVERSION = YES;
				CLANG_WARN_COMMA = YES;
				CLANG_WARN_CONSTANT_CONVERSION = YES;
				CLANG_WARN_DEPRECATED_OBJC_IMPLEMENTATIONS = YES;
				CLANG_WARN_DIRECT_OBJC_ISA_USAGE = YES_ERROR;
				CLANG_WARN_DOCUMENTATION_COMMENTS = YES;
				CLANG_WARN_EMPTY_BODY = YES;
				CLANG_WARN_ENUM_CONVERSION = YES;
				CLANG_WARN_INFINITE_RECURSION = YES;
				CLANG_WARN_INT_CONVERSION = YES;
				CLANG_WARN_NON_LITERAL_NULL_CONVERSION = YES;
				CLANG_WARN_OBJC_IMPLICIT_RETAIN_SELF = YES;
				CLANG_WARN_OBJC_LITERAL_CONVERSION = YES;
				CLANG_WARN_OBJC_ROOT_CLASS = YES_ERROR;
				CLANG_WARN_QUOTED_INCLUDE_IN_FRAMEWORK_HEADER = YES;
				CLANG_WARN_RANGE_LOOP_ANALYSIS = YES;
				CLANG_WARN_STRICT_PROTOTYPES = YES;
				CLANG_WARN_SUSPICIOUS_MOVE = YES;
				CLANG_WARN_UNGUARDED_AVAILABILITY = YES_AGGRESSIVE;
				CLANG_WARN_UNREACHABLE_CODE = YES;
				CLANG_WARN__DUPLICATE_METHOD_MATCH = YES;
				COPY_PHASE_STRIP = NO;
				DEBUG_INFORMATION_FORMAT = dwarf;
				ENABLE_STRICT_OBJC_MSGSEND = YES;
				ENABLE_TESTABILITY = YES;
				GCC_C_LANGUAGE_STANDARD = gnu11;
				GCC_DYNAMIC_NO_PIC = NO;
				GCC_NO_COMMON_BLOCKS = YES;
				GCC_OPTIMIZATION_LEVEL = 0;
				GCC_PREPROCESSOR_DEFINITIONS = (
					"DEBUG=1",
					"$(inherited)",
				);
				GCC_WARN_64_TO_32_BIT_CONVERSION = YES;
				GCC_WARN_ABOUT_RETURN_TYPE = YES_ERROR;
				GCC_WARN_UNDECLARED_SELECTOR = YES;
				GCC_WARN_UNINITIALIZED_AUTOS = YES_AGGRESSIVE;
				GCC_WARN_UNUSED_FUNCTION = YES;
				GCC_WARN_UNUSED_VARIABLE = YES;
				MACOSX_DEPLOYMENT_TARGET = 12.6;
				MTL_ENABLE_DEBUG_INFO = INCLUDE_SOURCE;
				MTL_FAST_MATH = YES;
				ONLY_ACTIVE_ARCH = YES;
				SDKROOT = macosx;
				SWIFT_ACTIVE_COMPILATION_CONDITIONS = DEBUG;
				SWIFT_OPTIMIZATION_LEVEL = "-Onone";
			};
			name = Debug;
		};
		848909932A0429550066A414 /* Release */ = {
			isa = XCBuildConfiguration;
			buildSettings = {
				ALWAYS_SEARCH_USER_PATHS = NO;
				CLANG_ANALYZER_NONNULL = YES;
				CLANG_ANALYZER_NUMBER_OBJECT_CONVERSION = YES_AGGRESSIVE;
				CLANG_CXX_LANGUAGE_STANDARD = "gnu++20";
				CLANG_ENABLE_MODULES = YES;
				CLANG_ENABLE_OBJC_ARC = YES;
				CLANG_ENABLE_OBJC_WEAK = YES;
				CLANG_WARN_BLOCK_CAPTURE_AUTORELEASING = YES;
				CLANG_WARN_BOOL_CONVERSION = YES;
				CLANG_WARN_COMMA = YES;
				CLANG_WARN_CONSTANT_CONVERSION = YES;
				CLANG_WARN_DEPRECATED_OBJC_IMPLEMENTATIONS = YES;
				CLANG_WARN_DIRECT_OBJC_ISA_USAGE = YES_ERROR;
				CLANG_WARN_DOCUMENTATION_COMMENTS = YES;
				CLANG_WARN_EMPTY_BODY = YES;
				CLANG_WARN_ENUM_CONVERSION = YES;
				CLANG_WARN_INFINITE_RECURSION = YES;
				CLANG_WARN_INT_CONVERSION = YES;
				CLANG_WARN_NON_LITERAL_NULL_CONVERSION = YES;
				CLANG_WARN_OBJC_IMPLICIT_RETAIN_SELF = YES;
				CLANG_WARN_OBJC_LITERAL_CONVERSION = YES;
				CLANG_WARN_OBJC_ROOT_CLASS = YES_ERROR;
				CLANG_WARN_QUOTED_INCLUDE_IN_FRAMEWORK_HEADER = YES;
				CLANG_WARN_RANGE_LOOP_ANALYSIS = YES;
				CLANG_WARN_STRICT_PROTOTYPES = YES;
				CLANG_WARN_SUSPICIOUS_MOVE = YES;
				CLANG_WARN_UNGUARDED_AVAILABILITY = YES_AGGRESSIVE;
				CLANG_WARN_UNREACHABLE_CODE = YES;
				CLANG_WARN__DUPLICATE_METHOD_MATCH = YES;
				COPY_PHASE_STRIP = NO;
				DEBUG_INFORMATION_FORMAT = "dwarf-with-dsym";
				ENABLE_NS_ASSERTIONS = NO;
				ENABLE_STRICT_OBJC_MSGSEND = YES;
				GCC_C_LANGUAGE_STANDARD = gnu11;
				GCC_NO_COMMON_BLOCKS = YES;
				GCC_WARN_64_TO_32_BIT_CONVERSION = YES;
				GCC_WARN_ABOUT_RETURN_TYPE = YES_ERROR;
				GCC_WARN_UNDECLARED_SELECTOR = YES;
				GCC_WARN_UNINITIALIZED_AUTOS = YES_AGGRESSIVE;
				GCC_WARN_UNUSED_FUNCTION = YES;
				GCC_WARN_UNUSED_VARIABLE = YES;
				MACOSX_DEPLOYMENT_TARGET = 12.6;
				MTL_ENABLE_DEBUG_INFO = NO;
				MTL_FAST_MATH = YES;
				SDKROOT = macosx;
				SWIFT_COMPILATION_MODE = wholemodule;
				SWIFT_OPTIMIZATION_LEVEL = "-O";
			};
			name = Release;
		};
		848909952A0429550066A414 /* Debug */ = {
			isa = XCBuildConfiguration;
			buildSettings = {
				CODE_SIGN_STYLE = Automatic;
				DEVELOPMENT_TEAM = J473GY97U7;
				ENABLE_HARDENED_RUNTIME = YES;
				PRODUCT_NAME = "$(TARGET_NAME)";
				SWIFT_VERSION = 5.0;
			};
			name = Debug;
		};
		848909962A0429550066A414 /* Release */ = {
			isa = XCBuildConfiguration;
			buildSettings = {
				CODE_SIGN_STYLE = Automatic;
				DEVELOPMENT_TEAM = J473GY97U7;
				ENABLE_HARDENED_RUNTIME = YES;
				PRODUCT_NAME = "$(TARGET_NAME)";
				SWIFT_VERSION = 5.0;
			};
			name = Release;
		};
/* End XCBuildConfiguration section */

/* Begin XCConfigurationList section */
		848909882A0429550066A414 /* Build configuration list for PBXProject "leetcodeSwiftC" */ = {
			isa = XCConfigurationList;
			buildConfigurations = (
				848909922A0429550066A414 /* Debug */,
				848909932A0429550066A414 /* Release */,
			);
			defaultConfigurationIsVisible = 0;
			defaultConfigurationName = Release;
		};
		848909942A0429550066A414 /* Build configuration list for PBXNativeTarget "leetcodeSwiftC" */ = {
			isa = XCConfigurationList;
			buildConfigurations = (
				848909952A0429550066A414 /* Debug */,
				848909962A0429550066A414 /* Release */,
			);
			defaultConfigurationIsVisible = 0;
			defaultConfigurationName = Release;
		};
/* End XCConfigurationList section */
	};
	rootObject = 848909852A0429550066A414 /* Project object */;
}
